
Microsoft Visual Studio Solution File, Format Version 12.00
# Visual Studio 15
VisualStudioVersion = 15.0.26430.12
MinimumVisualStudioVersion = 10.0.40219.1
Project("{9A19103F-16F7-4668-BE54-9A1E7A4F7556}") = "ImpactWebsite", "ImpactWebsite\ImpactWebsite.csproj", "{78B7C070-6A3E-4F76-89C7-3135D6B092E6}"
EndProject
Global
	GlobalSection(SolutionConfigurationPlatforms) = preSolution
		Debug|Any CPU = Debug|Any CPU
		Release|Any CPU = Release|Any CPU
	EndGlobalSection
	GlobalSection(ProjectConfigurationPlatforms) = postSolution
		{78B7C070-6A3E-4F76-89C7-3135D6B092E6}.Debug|Any CPU.ActiveCfg = Debug|Any CPU
		{78B7C070-6A3E-4F76-89C7-3135D6B092E6}.Debug|Any CPU.Build.0 = Debug|Any CPU
		{78B7C070-6A3E-4F76-89C7-3135D6B092E6}.Release|Any CPU.ActiveCfg = Release|Any CPU
		{78B7C070-6A3E-4F76-89C7-3135D6B092E6}.Release|Any CPU.Build.0 = Release|Any CPU
	EndGlobalSection
	GlobalSection(SolutionProperties) = preSolution
		HideSolutionNode = FALSE
	EndGlobalSection
EndGlobal
